
Microsoft Visual Studio Solution File, Format Version 12.00
# Visual Studio Version 16
VisualStudioVersion = 16.0.30114.105
MinimumVisualStudioVersion = 10.0.40219.1
Project("{FAE04EC0-301F-11D3-BF4B-00C04F79EFBC}") = "가위 ! 바위 ! 보 !", "가위 ! 바위 ! 보 !\가위 ! 바위 ! 보 !.csproj", "{F6E53B6B-2B73-4969-94E5-7EBA0E391D5E}"
EndProject
Global
	GlobalSection(SolutionConfigurationPlatforms) = preSolution
		Debug|Any CPU = Debug|Any CPU
		Release|Any CPU = Release|Any CPU
	EndGlobalSection
	GlobalSection(ProjectConfigurationPlatforms) = postSolution
		{F6E53B6B-2B73-4969-94E5-7EBA0E391D5E}.Debug|Any CPU.ActiveCfg = Debug|Any CPU
		{F6E53B6B-2B73-4969-94E5-7EBA0E391D5E}.Debug|Any CPU.Build.0 = Debug|Any CPU
		{F6E53B6B-2B73-4969-94E5-7EBA0E391D5E}.Release|Any CPU.ActiveCfg = Release|Any CPU
		{F6E53B6B-2B73-4969-94E5-7EBA0E391D5E}.Release|Any CPU.Build.0 = Release|Any CPU
	EndGlobalSection
	GlobalSection(SolutionProperties) = preSolution
		HideSolutionNode = FALSE
	EndGlobalSection
	GlobalSection(ExtensibilityGlobals) = postSolution
		SolutionGuid = {670B98F3-3BE9-4A6B-952C-F33DE0393230}
	EndGlobalSection
EndGlobal
